
Microsoft Visual Studio Solution File, Format Version 12.00
# Visual Studio 2012
Project("{FAE04EC0-301F-11D3-BF4B-00C04F79EFBC}") = "SuperBenchmarker", "SuperBenchmarker.csproj", "{A42D59E8-AB7F-4F47-B6F1-B6144DE89662}"
EndProject
Global
	GlobalSection(SolutionConfigurationPlatforms) = preSolution
		Debug|Any CPU = Debug|Any CPU
		Release|Any CPU = Release|Any CPU
	EndGlobalSection
	GlobalSection(ProjectConfigurationPlatforms) = postSolution
		{A42D59E8-AB7F-4F47-B6F1-B6144DE89662}.Debug|Any CPU.ActiveCfg = Debug|Any CPU
		{A42D59E8-AB7F-4F47-B6F1-B6144DE89662}.Debug|Any CPU.Build.0 = Debug|Any CPU
		{A42D59E8-AB7F-4F47-B6F1-B6144DE89662}.Release|Any CPU.ActiveCfg = Release|Any CPU
		{A42D59E8-AB7F-4F47-B6F1-B6144DE89662}.Release|Any CPU.Build.0 = Release|Any CPU
	EndGlobalSection
	GlobalSection(SolutionProperties) = preSolution
		HideSolutionNode = FALSE
	EndGlobalSection
EndGlobal
